
Microsoft Visual Studio Solution File, Format Version 12.00
# Visual Studio Version 17
VisualStudioVersion = 17.11.35222.181
MinimumVisualStudioVersion = 10.0.40219.1
Project("{9A19103F-16F7-4668-BE54-9A1E7A4F7556}") = "GroqSharp.CLI", "GroqSharp.CLI\GroqSharp.CLI.csproj", "{DA972F66-C027-4DB7-9E5C-7C64245D76E6}"
EndProject
Project("{FAE04EC0-301F-11D3-BF4B-00C04F79EFBC}") = "GroqSharp.Core", "GroqSharp.Core\GroqSharp.Core.csproj", "{BD0ACF97-A99F-4C79-9FD2-406A4B6DC9BA}"
EndProject
Global
	GlobalSection(SolutionConfigurationPlatforms) = preSolution
		Debug|Any CPU = Debug|Any CPU
		Release|Any CPU = Release|Any CPU
	EndGlobalSection
	GlobalSection(ProjectConfigurationPlatforms) = postSolution
		{DA972F66-C027-4DB7-9E5C-7C64245D76E6}.Debug|Any CPU.ActiveCfg = Debug|Any CPU
		{DA972F66-C027-4DB7-9E5C-7C64245D76E6}.Debug|Any CPU.Build.0 = Debug|Any CPU
		{DA972F66-C027-4DB7-9E5C-7C64245D76E6}.Release|Any CPU.ActiveCfg = Release|Any CPU
		{DA972F66-C027-4DB7-9E5C-7C64245D76E6}.Release|Any CPU.Build.0 = Release|Any CPU
		{BD0ACF97-A99F-4C79-9FD2-406A4B6DC9BA}.Debug|Any CPU.ActiveCfg = Debug|Any CPU
		{BD0ACF97-A99F-4C79-9FD2-406A4B6DC9BA}.Debug|Any CPU.Build.0 = Debug|Any CPU
		{BD0ACF97-A99F-4C79-9FD2-406A4B6DC9BA}.Release|Any CPU.ActiveCfg = Release|Any CPU
		{BD0ACF97-A99F-4C79-9FD2-406A4B6DC9BA}.Release|Any CPU.Build.0 = Release|Any CPU
	EndGlobalSection
	GlobalSection(SolutionProperties) = preSolution
		HideSolutionNode = FALSE
	EndGlobalSection
	GlobalSection(ExtensibilityGlobals) = postSolution
		SolutionGuid = {A8650290-F907-470E-92AB-1B4AD3DBA56A}
	EndGlobalSection
EndGlobal
